
Microsoft Visual Studio Solution File, Format Version 12.00
# Visual Studio Version 16
VisualStudioVersion = 16.0.29709.97
MinimumVisualStudioVersion = 10.0.40219.1
Project("{FAE04EC0-301F-11D3-BF4B-00C04F79EFBC}") = "VideoPlayer.UWP", "VideoPlayer\VideoPlayer.UWP\VideoPlayer.UWP.csproj", "{BD7514A3-193A-4BE2-8B9F-09B56157F0B8}"
EndProject
Project("{FAE04EC0-301F-11D3-BF4B-00C04F79EFBC}") = "VideoPlayer.Android", "VideoPlayer\VideoPlayer.Android\VideoPlayer.Android.csproj", "{0F3C25F0-94DA-4B9F-B1C2-9E1FDA66FEB5}"
EndProject
Project("{FAE04EC0-301F-11D3-BF4B-00C04F79EFBC}") = "VideoPlayer.iOS", "VideoPlayer\VideoPlayer.iOS\VideoPlayer.iOS.csproj", "{136DB085-A8EE-4EEC-A20E-57681E508F68}"
EndProject
Project("{FAE04EC0-301F-11D3-BF4B-00C04F79EFBC}") = "VideoPlayer", "VideoPlayer\VideoPlayer\VideoPlayer.csproj", "{770FE008-84EE-444C-848E-CC4AF7CF296B}"
EndProject
Project("{FAE04EC0-301F-11D3-BF4B-00C04F79EFBC}") = "VideoPlayer.hub", "VideoPlayer.hub\VideoPlayer.hub.csproj", "{691B8962-F87B-4B92-999E-414B4AAF092B}"
EndProject
Global
	GlobalSection(SolutionConfigurationPlatforms) = preSolution
		Debug|Any CPU = Debug|Any CPU
		Debug|ARM = Debug|ARM
		Debug|iPhone = Debug|iPhone
		Debug|iPhoneSimulator = Debug|iPhoneSimulator
		Debug|x64 = Debug|x64
		Debug|x86 = Debug|x86
		Release|Any CPU = Release|Any CPU
		Release|ARM = Release|ARM
		Release|iPhone = Release|iPhone
		Release|iPhoneSimulator = Release|iPhoneSimulator
		Release|x64 = Release|x64
		Release|x86 = Release|x86
	EndGlobalSection
	GlobalSection(ProjectConfigurationPlatforms) = postSolution
		{BD7514A3-193A-4BE2-8B9F-09B56157F0B8}.Debug|Any CPU.ActiveCfg = Debug|x86
		{BD7514A3-193A-4BE2-8B9F-09B56157F0B8}.Debug|Any CPU.Build.0 = Debug|x86
		{BD7514A3-193A-4BE2-8B9F-09B56157F0B8}.Debug|Any CPU.Deploy.0 = Debug|x86
		{BD7514A3-193A-4BE2-8B9F-09B56157F0B8}.Debug|ARM.ActiveCfg = Debug|ARM
		{BD7514A3-193A-4BE2-8B9F-09B56157F0B8}.Debug|ARM.Build.0 = Debug|ARM
		{BD7514A3-193A-4BE2-8B9F-09B56157F0B8}.Debug|ARM.Deploy.0 = Debug|ARM
		{BD7514A3-193A-4BE2-8B9F-09B56157F0B8}.Debug|iPhone.ActiveCfg = Debug|x86
		{BD7514A3-193A-4BE2-8B9F-09B56157F0B8}.Debug|iPhone.Build.0 = Debug|x86
		{BD7514A3-193A-4BE2-8B9F-09B56157F0B8}.Debug|iPhone.Deploy.0 = Debug|x86
		{BD7514A3-193A-4BE2-8B9F-09B56157F0B8}.Debug|iPhoneSimulator.ActiveCfg = Debug|x86
		{BD7514A3-193A-4BE2-8B9F-09B56157F0B8}.Debug|iPhoneSimulator.Build.0 = Debug|x86
		{BD7514A3-193A-4BE2-8B9F-09B56157F0B8}.Debug|iPhoneSimulator.Deploy.0 = Debug|x86
		{BD7514A3-193A-4BE2-8B9F-09B56157F0B8}.Debug|x64.ActiveCfg = Debug|x64
		{BD7514A3-193A-4BE2-8B9F-09B56157F0B8}.Debug|x64.Build.0 = Debug|x64
		{BD7514A3-193A-4BE2-8B9F-09B56157F0B8}.Debug|x64.Deploy.0 = Debug|x64
		{BD7514A3-193A-4BE2-8B9F-09B56157F0B8}.Debug|x86.ActiveCfg = Debug|x86
		{BD7514A3-193A-4BE2-8B9F-09B56157F0B8}.Debug|x86.Build.0 = Debug|x86
		{BD7514A3-193A-4BE2-8B9F-09B56157F0B8}.Debug|x86.Deploy.0 = Debug|x86
		{BD7514A3-193A-4BE2-8B9F-09B56157F0B8}.Release|Any CPU.ActiveCfg = Release|x86
		{BD7514A3-193A-4BE2-8B9F-09B56157F0B8}.Release|Any CPU.Build.0 = Release|x86
		{BD7514A3-193A-4BE2-8B9F-09B56157F0B8}.Release|Any CPU.Deploy.0 = Release|x86
		{BD7514A3-193A-4BE2-8B9F-09B56157F0B8}.Release|ARM.ActiveCfg = Release|ARM
		{BD7514A3-193A-4BE2-8B9F-09B56157F0B8}.Release|ARM.Build.0 = Release|ARM
		{BD7514A3-193A-4BE2-8B9F-09B56157F0B8}.Release|ARM.Deploy.0 = Release|ARM
		{BD7514A3-193A-4BE2-8B9F-09B56157F0B8}.Release|iPhone.ActiveCfg = Release|x86
		{BD7514A3-193A-4BE2-8B9F-09B56157F0B8}.Release|iPhone.Build.0 = Release|x86
		{BD7514A3-193A-4BE2-8B9F-09B56157F0B8}.Release|iPhone.Deploy.0 = Release|x86
		{BD7514A3-193A-4BE2-8B9F-09B56157F0B8}.Release|iPhoneSimulator.ActiveCfg = Release|x86
		{BD7514A3-193A-4BE2-8B9F-09B56157F0B8}.Release|iPhoneSimulator.Build.0 = Release|x86
		{BD7514A3-193A-4BE2-8B9F-09B56157F0B8}.Release|iPhoneSimulator.Deploy.0 = Release|x86
		{BD7514A3-193A-4BE2-8B9F-09B56157F0B8}.Release|x64.ActiveCfg = Release|x64
		{BD7514A3-193A-4BE2-8B9F-09B56157F0B8}.Release|x64.Build.0 = Release|x64
		{BD7514A3-193A-4BE2-8B9F-09B56157F0B8}.Release|x64.Deploy.0 = Release|x64
		{BD7514A3-193A-4BE2-8B9F-09B56157F0B8}.Release|x86.ActiveCfg = Release|x86
		{BD7514A3-193A-4BE2-8B9F-09B56157F0B8}.Release|x86.Build.0 = Release|x86
		{BD7514A3-193A-4BE2-8B9F-09B56157F0B8}.Release|x86.Deploy.0 = Release|x86
		{0F3C25F0-94DA-4B9F-B1C2-9E1FDA66FEB5}.Debug|Any CPU.ActiveCfg = Debug|Any CPU
		{0F3C25F0-94DA-4B9F-B1C2-9E1FDA66FEB5}.Debug|Any CPU.Build.0 = Debug|Any CPU
		{0F3C25F0-94DA-4B9F-B1C2-9E1FDA66FEB5}.Debug|Any CPU.Deploy.0 = Debug|Any CPU
		{0F3C25F0-94DA-4B9F-B1C2-9E1FDA66FEB5}.Debug|ARM.ActiveCfg = Debug|Any CPU
		{0F3C25F0-94DA-4B9F-B1C2-9E1FDA66FEB5}.Debug|ARM.Build.0 = Debug|Any CPU
		{0F3C25F0-94DA-4B9F-B1C2-9E1FDA66FEB5}.Debug|ARM.Deploy.0 = Debug|Any CPU
		{0F3C25F0-94DA-4B9F-B1C2-9E1FDA66FEB5}.Debug|iPhone.ActiveCfg = Debug|Any CPU
		{0F3C25F0-94DA-4B9F-B1C2-9E1FDA66FEB5}.Debug|iPhone.Build.0 = Debug|Any CPU
		{0F3C25F0-94DA-4B9F-B1C2-9E1FDA66FEB5}.Debug|iPhone.Deploy.0 = Debug|Any CPU
		{0F3C25F0-94DA-4B9F-B1C2-9E1FDA66FEB5}.Debug|iPhoneSimulator.ActiveCfg = Debug|Any CPU
		{0F3C25F0-94DA-4B9F-B1C2-9E1FDA66FEB5}.Debug|iPhoneSimulator.Build.0 = Debug|Any CPU
		{0F3C25F0-94DA-4B9F-B1C2-9E1FDA66FEB5}.Debug|iPhoneSimulator.Deploy.0 = Debug|Any CPU
		{0F3C25F0-94DA-4B9F-B1C2-9E1FDA66FEB5}.Debug|x64.ActiveCfg = Debug|Any CPU
		{0F3C25F0-94DA-4B9F-B1C2-9E1FDA66FEB5}.Debug|x64.Build.0 = Debug|Any CPU
		{0F3C25F0-94DA-4B9F-B1C2-9E1FDA66FEB5}.Debug|x64.Deploy.0 = Debug|Any CPU
		{0F3C25F0-94DA-4B9F-B1C2-9E1FDA66FEB5}.Debug|x86.ActiveCfg = Debug|Any CPU
		{0F3C25F0-94DA-4B9F-B1C2-9E1FDA66FEB5}.Debug|x86.Build.0 = Debug|Any CPU
		{0F3C25F0-94DA-4B9F-B1C2-9E1FDA66FEB5}.Debug|x86.Deploy.0 = Debug|Any CPU
		{0F3C25F0-94DA-4B9F-B1C2-9E1FDA66FEB5}.Release|Any CPU.ActiveCfg = Release|Any CPU
		{0F3C25F0-94DA-4B9F-B1C2-9E1FDA66FEB5}.Release|Any CPU.Build.0 = Release|Any CPU
		{0F3C25F0-94DA-4B9F-B1C2-9E1FDA66FEB5}.Release|Any CPU.Deploy.0 = Release|Any CPU
		{0F3C25F0-94DA-4B9F-B1C2-9E1FDA66FEB5}.Release|ARM.ActiveCfg = Release|Any CPU
		{0F3C25F0-94DA-4B9F-B1C2-9E1FDA66FEB5}.Release|ARM.Build.0 = Release|Any CPU
		{0F3C25F0-94DA-4B9F-B1C2-9E1FDA66FEB5}.Release|ARM.Deploy.0 = Release|Any CPU
		{0F3C25F0-94DA-4B9F-B1C2-9E1FDA66FEB5}.Release|iPhone.ActiveCfg = Release|Any CPU
		{0F3C25F0-94DA-4B9F-B1C2-9E1FDA66FEB5}.Release|iPhone.Build.0 = Release|Any CPU
		{0F3C25F0-94DA-4B9F-B1C2-9E1FDA66FEB5}.Release|iPhone.Deploy.0 = Release|Any CPU
		{0F3C25F0-94DA-4B9F-B1C2-9E1FDA66FEB5}.Release|iPhoneSimulator.ActiveCfg = Release|Any CPU
		{0F3C25F0-94DA-4B9F-B1C2-9E1FDA66FEB5}.Release|iPhoneSimulator.Build.0 = Release|Any CPU
		{0F3C25F0-94DA-4B9F-B1C2-9E1FDA66FEB5}.Release|iPhoneSimulator.Deploy.0 = Release|Any CPU
		{0F3C25F0-94DA-4B9F-B1C2-9E1FDA66FEB5}.Release|x64.ActiveCfg = Release|Any CPU
		{0F3C25F0-94DA-4B9F-B1C2-9E1FDA66FEB5}.Release|x64.Build.0 = Release|Any CPU
		{0F3C25F0-94DA-4B9F-B1C2-9E1FDA66FEB5}.Release|x64.Deploy.0 = Release|Any CPU
		{0F3C25F0-94DA-4B9F-B1C2-9E1FDA66FEB5}.Release|x86.ActiveCfg = Release|Any CPU
		{0F3C25F0-94DA-4B9F-B1C2-9E1FDA66FEB5}.Release|x86.Build.0 = Release|Any CPU
		{0F3C25F0-94DA-4B9F-B1C2-9E1FDA66FEB5}.Release|x86.Deploy.0 = Release|Any CPU
		{136DB085-A8EE-4EEC-A20E-57681E508F68}.Debug|Any CPU.ActiveCfg = Debug|iPhone
		{136DB085-A8EE-4EEC-A20E-57681E508F68}.Debug|Any CPU.Build.0 = Debug|iPhone
		{136DB085-A8EE-4EEC-A20E-57681E508F68}.Debug|Any CPU.Deploy.0 = Debug|iPhone
		{136DB085-A8EE-4EEC-A20E-57681E508F68}.Debug|ARM.ActiveCfg = Debug|iPhoneSimulator
		{136DB085-A8EE-4EEC-A20E-57681E508F68}.Debug|ARM.Build.0 = Debug|iPhoneSimulator
		{136DB085-A8EE-4EEC-A20E-57681E508F68}.Debug|ARM.Deploy.0 = Debug|iPhoneSimulator
		{136DB085-A8EE-4EEC-A20E-57681E508F68}.Debug|iPhone.ActiveCfg = Debug|iPhone
		{136DB085-A8EE-4EEC-A20E-57681E508F68}.Debug|iPhone.Build.0 = Debug|iPhone
		{136DB085-A8EE-4EEC-A20E-57681E508F68}.Debug|iPhone.Deploy.0 = Debug|iPhone
		{136DB085-A8EE-4EEC-A20E-57681E508F68}.Debug|iPhoneSimulator.ActiveCfg = Debug|iPhoneSimulator
		{136DB085-A8EE-4EEC-A20E-57681E508F68}.Debug|iPhoneSimulator.Build.0 = Debug|iPhoneSimulator
		{136DB085-A8EE-4EEC-A20E-57681E508F68}.Debug|iPhoneSimulator.Deploy.0 = Debug|iPhoneSimulator
		{136DB085-A8EE-4EEC-A20E-57681E508F68}.Debug|x64.ActiveCfg = Debug|iPhone
		{136DB085-A8EE-4EEC-A20E-57681E508F68}.Debug|x64.Build.0 = Debug|iPhone
		{136DB085-A8EE-4EEC-A20E-57681E508F68}.Debug|x64.Deploy.0 = Debug|iPhone
		{136DB085-A8EE-4EEC-A20E-57681E508F68}.Debug|x86.ActiveCfg = Debug|iPhone
		{136DB085-A8EE-4EEC-A20E-57681E508F68}.Debug|x86.Build.0 = Debug|iPhone
		{136DB085-A8EE-4EEC-A20E-57681E508F68}.Debug|x86.Deploy.0 = Debug|iPhone
		{136DB085-A8EE-4EEC-A20E-57681E508F68}.Release|Any CPU.ActiveCfg = Release|iPhone
		{136DB085-A8EE-4EEC-A20E-57681E508F68}.Release|Any CPU.Build.0 = Release|iPhone
		{136DB085-A8EE-4EEC-A20E-57681E508F68}.Release|Any CPU.Deploy.0 = Release|iPhone
		{136DB085-A8EE-4EEC-A20E-57681E508F68}.Release|ARM.ActiveCfg = Release|iPhone
		{136DB085-A8EE-4EEC-A20E-57681E508F68}.Release|ARM.Build.0 = Release|iPhone
		{136DB085-A8EE-4EEC-A20E-57681E508F68}.Release|ARM.Deploy.0 = Release|iPhone
		{136DB085-A8EE-4EEC-A20E-57681E508F68}.Release|iPhone.ActiveCfg = Release|iPhone
		{136DB085-A8EE-4EEC-A20E-57681E508F68}.Release|iPhone.Build.0 = Release|iPhone
		{136DB085-A8EE-4EEC-A20E-57681E508F68}.Release|iPhone.Deploy.0 = Release|iPhone
		{136DB085-A8EE-4EEC-A20E-57681E508F68}.Release|iPhoneSimulator.ActiveCfg = Release|iPhoneSimulator
		{136DB085-A8EE-4EEC-A20E-57681E508F68}.Release|iPhoneSimulator.Build.0 = Release|iPhoneSimulator
		{136DB085-A8EE-4EEC-A20E-57681E508F68}.Release|iPhoneSimulator.Deploy.0 = Release|iPhoneSimulator
		{136DB085-A8EE-4EEC-A20E-57681E508F68}.Release|x64.ActiveCfg = Release|iPhone
		{136DB085-A8EE-4EEC-A20E-57681E508F68}.Release|x64.Build.0 = Release|iPhone
		{136DB085-A8EE-4EEC-A20E-57681E508F68}.Release|x64.Deploy.0 = Release|iPhone
		{136DB085-A8EE-4EEC-A20E-57681E508F68}.Release|x86.ActiveCfg = Release|iPhone
		{136DB085-A8EE-4EEC-A20E-57681E508F68}.Release|x86.Build.0 = Release|iPhone
		{136DB085-A8EE-4EEC-A20E-57681E508F68}.Release|x86.Deploy.0 = Release|iPhone
		{770FE008-84EE-444C-848E-CC4AF7CF296B}.Debug|Any CPU.ActiveCfg = Debug|Any CPU
		{770FE008-84EE-444C-848E-CC4AF7CF296B}.Debug|Any CPU.Build.0 = Debug|Any CPU
		{770FE008-84EE-444C-848E-CC4AF7CF296B}.Debug|Any CPU.Deploy.0 = Debug|Any CPU
		{770FE008-84EE-444C-848E-CC4AF7CF296B}.Debug|ARM.ActiveCfg = Debug|Any CPU
		{770FE008-84EE-444C-848E-CC4AF7CF296B}.Debug|ARM.Build.0 = Debug|Any CPU
		{770FE008-84EE-444C-848E-CC4AF7CF296B}.Debug|ARM.Deploy.0 = Debug|Any CPU
		{770FE008-84EE-444C-848E-CC4AF7CF296B}.Debug|iPhone.ActiveCfg = Debug|Any CPU
		{770FE008-84EE-444C-848E-CC4AF7CF296B}.Debug|iPhone.Build.0 = Debug|Any CPU
		{770FE008-84EE-444C-848E-CC4AF7CF296B}.Debug|iPhone.Deploy.0 = Debug|Any CPU
		{770FE008-84EE-444C-848E-CC4AF7CF296B}.Debug|iPhoneSimulator.ActiveCfg = Debug|Any CPU
		{770FE008-84EE-444C-848E-CC4AF7CF296B}.Debug|iPhoneSimulator.Build.0 = Debug|Any CPU
		{770FE008-84EE-444C-848E-CC4AF7CF296B}.Debug|iPhoneSimulator.Deploy.0 = Debug|Any CPU
		{770FE008-84EE-444C-848E-CC4AF7CF296B}.Debug|x64.ActiveCfg = Debug|Any CPU
		{770FE008-84EE-444C-848E-CC4AF7CF296B}.Debug|x64.Build.0 = Debug|Any CPU
		{770FE008-84EE-444C-848E-CC4AF7CF296B}.Debug|x64.Deploy.0 = Debug|Any CPU
		{770FE008-84EE-444C-848E-CC4AF7CF296B}.Debug|x86.ActiveCfg = Debug|Any CPU
		{770FE008-84EE-444C-848E-CC4AF7CF296B}.Debug|x86.Build.0 = Debug|Any CPU
		{770FE008-84EE-444C-848E-CC4AF7CF296B}.Debug|x86.Deploy.0 = Debug|Any CPU
		{770FE008-84EE-444C-848E-CC4AF7CF296B}.Release|Any CPU.ActiveCfg = Release|Any CPU
		{770FE008-84EE-444C-848E-CC4AF7CF296B}.Release|Any CPU.Build.0 = Release|Any CPU
		{770FE008-84EE-444C-848E-CC4AF7CF296B}.Release|Any CPU.Deploy.0 = Release|Any CPU
		{770FE008-84EE-444C-848E-CC4AF7CF296B}.Release|ARM.ActiveCfg = Release|Any CPU
		{770FE008-84EE-444C-848E-CC4AF7CF296B}.Release|ARM.Build.0 = Release|Any CPU
		{770FE008-84EE-444C-848E-CC4AF7CF296B}.Release|ARM.Deploy.0 = Release|Any CPU
		{770FE008-84EE-444C-848E-CC4AF7CF296B}.Release|iPhone.ActiveCfg = Release|Any CPU
		{770FE008-84EE-444C-848E-CC4AF7CF296B}.Release|iPhone.Build.0 = Release|Any CPU
		{770FE008-84EE-444C-848E-CC4AF7CF296B}.Release|iPhone.Deploy.0 = Release|Any CPU
		{770FE008-84EE-444C-848E-CC4AF7CF296B}.Release|iPhoneSimulator.ActiveCfg = Release|Any CPU
		{770FE008-84EE-444C-848E-CC4AF7CF296B}.Release|iPhoneSimulator.Build.0 = Release|Any CPU
		{770FE008-84EE-444C-848E-CC4AF7CF296B}.Release|iPhoneSimulator.Deploy.0 = Release|Any CPU
		{770FE008-84EE-444C-848E-CC4AF7CF296B}.Release|x64.ActiveCfg = Release|Any CPU
		{770FE008-84EE-444C-848E-CC4AF7CF296B}.Release|x64.Build.0 = Release|Any CPU
		{770FE008-84EE-444C-848E-CC4AF7CF296B}.Release|x64.Deploy.0 = Release|Any CPU
		{770FE008-84EE-444C-848E-CC4AF7CF296B}.Release|x86.ActiveCfg = Release|Any CPU
		{770FE008-84EE-444C-848E-CC4AF7CF296B}.Release|x86.Build.0 = Release|Any CPU
		{770FE008-84EE-444C-848E-CC4AF7CF296B}.Release|x86.Deploy.0 = Release|Any CPU
		{691B8962-F87B-4B92-999E-414B4AAF092B}.Debug|Any CPU.ActiveCfg = Debug|Any CPU
		{691B8962-F87B-4B92-999E-414B4AAF092B}.Debug|Any CPU.Build.0 = Debug|Any CPU
		{691B8962-F87B-4B92-999E-414B4AAF092B}.Debug|ARM.ActiveCfg = Debug|Any CPU
		{691B8962-F87B-4B92-999E-414B4AAF092B}.Debug|ARM.Build.0 = Debug|Any CPU
		{691B8962-F87B-4B92-999E-414B4AAF092B}.Debug|iPhone.ActiveCfg = Debug|Any CPU
		{691B8962-F87B-4B92-999E-414B4AAF092B}.Debug|iPhone.Build.0 = Debug|Any CPU
		{691B8962-F87B-4B92-999E-414B4AAF092B}.Debug|iPhoneSimulator.ActiveCfg = Debug|Any CPU
		{691B8962-F87B-4B92-999E-414B4AAF092B}.Debug|iPhoneSimulator.Build.0 = Debug|Any CPU
		{691B8962-F87B-4B92-999E-414B4AAF092B}.Debug|x64.ActiveCfg = Debug|Any CPU
		{691B8962-F87B-4B92-999E-414B4AAF092B}.Debug|x64.Build.0 = Debug|Any CPU
		{691B8962-F87B-4B92-999E-414B4AAF092B}.Debug|x86.ActiveCfg = Debug|Any CPU
		{691B8962-F87B-4B92-999E-414B4AAF092B}.Debug|x86.Build.0 = Debug|Any CPU
		{691B8962-F87B-4B92-999E-414B4AAF092B}.Release|Any CPU.ActiveCfg = Release|Any CPU
		{691B8962-F87B-4B92-999E-414B4AAF092B}.Release|Any CPU.Build.0 = Release|Any CPU
		{691B8962-F87B-4B92-999E-414B4AAF092B}.Release|ARM.ActiveCfg = Release|Any CPU
		{691B8962-F87B-4B92-999E-414B4AAF092B}.Release|ARM.Build.0 = Release|Any CPU
		{691B8962-F87B-4B92-999E-414B4AAF092B}.Release|iPhone.ActiveCfg = Release|Any CPU
		{691B8962-F87B-4B92-999E-414B4AAF092B}.Release|iPhone.Build.0 = Release|Any CPU
		{691B8962-F87B-4B92-999E-414B4AAF092B}.Release|iPhoneSimulator.ActiveCfg = Release|Any CPU
		{691B8962-F87B-4B92-999E-414B4AAF092B}.Release|iPhoneSimulator.Build.0 = Release|Any CPU
		{691B8962-F87B-4B92-999E-414B4AAF092B}.Release|x64.ActiveCfg = Release|Any CPU
		{691B8962-F87B-4B92-999E-414B4AAF092B}.Release|x64.Build.0 = Release|Any CPU
		{691B8962-F87B-4B92-999E-414B4AAF092B}.Release|x86.ActiveCfg = Release|Any CPU
		{691B8962-F87B-4B92-999E-414B4AAF092B}.Release|x86.Build.0 = Release|Any CPU
	EndGlobalSection
	GlobalSection(SolutionProperties) = preSolution
		HideSolutionNode = FALSE
	EndGlobalSection
	GlobalSection(ExtensibilityGlobals) = postSolution
		SolutionGuid = {835EA384-0002-4B2E-85D6-27A422A17548}
	EndGlobalSection
EndGlobal
